
Microsoft Visual Studio Solution File, Format Version 12.00
# Visual Studio Version 17
VisualStudioVersion = 17.0.31912.275
MinimumVisualStudioVersion = 10.0.40219.1
Project("{9A19103F-16F7-4668-BE54-9A1E7A4F7556}") = "PracticaFinal", "PracticaFinal\PracticaFinal.csproj", "{658F711E-4797-401C-A527-A9FDF990238D}"
EndProject
Global
	GlobalSection(SolutionConfigurationPlatforms) = preSolution
		Debug|Any CPU = Debug|Any CPU
		Release|Any CPU = Release|Any CPU
	EndGlobalSection
	GlobalSection(ProjectConfigurationPlatforms) = postSolution
		{658F711E-4797-401C-A527-A9FDF990238D}.Debug|Any CPU.ActiveCfg = Debug|Any CPU
		{658F711E-4797-401C-A527-A9FDF990238D}.Debug|Any CPU.Build.0 = Debug|Any CPU
		{658F711E-4797-401C-A527-A9FDF990238D}.Release|Any CPU.ActiveCfg = Release|Any CPU
		{658F711E-4797-401C-A527-A9FDF990238D}.Release|Any CPU.Build.0 = Release|Any CPU
	EndGlobalSection
	GlobalSection(SolutionProperties) = preSolution
		HideSolutionNode = FALSE
	EndGlobalSection
	GlobalSection(ExtensibilityGlobals) = postSolution
		SolutionGuid = {2863DDF6-DF1E-41DD-BDC6-DF8C197A539B}
	EndGlobalSection
EndGlobal
